
Microsoft Visual Studio Solution File, Format Version 12.00
# Visual Studio Version 17
VisualStudioVersion = 17.7.34024.191
MinimumVisualStudioVersion = 10.0.40219.1
Project("{FAE04EC0-301F-11D3-BF4B-00C04F79EFBC}") = "CSNewFeatures", "CSNewFeatures.csproj", "{2838A1F1-694B-4458-ADCD-72B01A625ECF}"
EndProject
Global
	GlobalSection(SolutionConfigurationPlatforms) = preSolution
		Debug|Any CPU = Debug|Any CPU
		Release|Any CPU = Release|Any CPU
	EndGlobalSection
	GlobalSection(ProjectConfigurationPlatforms) = postSolution
		{2838A1F1-694B-4458-ADCD-72B01A625ECF}.Debug|Any CPU.ActiveCfg = Debug|Any CPU
		{2838A1F1-694B-4458-ADCD-72B01A625ECF}.Debug|Any CPU.Build.0 = Debug|Any CPU
		{2838A1F1-694B-4458-ADCD-72B01A625ECF}.Release|Any CPU.ActiveCfg = Release|Any CPU
		{2838A1F1-694B-4458-ADCD-72B01A625ECF}.Release|Any CPU.Build.0 = Release|Any CPU
	EndGlobalSection
	GlobalSection(SolutionProperties) = preSolution
		HideSolutionNode = FALSE
	EndGlobalSection
	GlobalSection(ExtensibilityGlobals) = postSolution
		SolutionGuid = {9E9DBB7D-963A-4FA5-BAA8-2D9F0B087AF7}
	EndGlobalSection
EndGlobal
